# This file is automatically @generated by Poetry 1.8.5 and should not be changed by hand.

[[package]]
name = "armfind"
version = "1.0"
description = ""
optional = false
python-versions = "^3.11"
files = []
develop = false

[package.dependencies]
pybinpatch = "^1.0.6"

[package.source]
type = "git"
url = "https://github.com/Merculous/PyARMFind.git"
reference = "HEAD"
resolved_reference = "625c4ca743ad7dc01ffccc1be2b98c87d35b042b"

[[package]]
name = "pybinpatch"
version = "1.0.6"
description = "Binary diff and patch lib"
optional = false
python-versions = "<4.0,>=3.11"
files = [
    {file = "pybinpatch-1.0.6-py3-none-any.whl", hash = "sha256:5f38f362e1e212ca8e05d19867fb494c46fd32f5b91a1013c9373f6c4c66c9a3"},
    {file = "pybinpatch-1.0.6.tar.gz", hash = "sha256:51a1531ac1457b7459b1fcdecf37fd1012e12a464fab235dcb118c44de2df1fa"},
]

[metadata]
lock-version = "2.0"
python-versions = "^3.11"
content-hash = "968b0b090ff13218ae6581c6e6d4542686c2a5461ec952c52530afce80d31c20"
