# This file is automatically @generated by Poetry 1.8.5 and should not be changed by hand.

[[package]]
name = "armfind"
version = "1.0"
description = ""
optional = false
python-versions = "^3.11"
files = []
develop = false

[package.dependencies]
pybinpatch = "^1.0.5"

[package.source]
type = "git"
url = "https://github.com/Merculous/PyARMFind.git"
reference = "HEAD"
resolved_reference = "1c52be533f387496386c11a175d23715dee6534b"

[[package]]
name = "pybinpatch"
version = "1.0.5"
description = "Binary diff and patch lib"
optional = false
python-versions = "<4.0,>=3.11"
files = [
    {file = "pybinpatch-1.0.5-py3-none-any.whl", hash = "sha256:9357dc12a444f8e208f7df211e832e4008cdf57589610c525acaa971e1111295"},
    {file = "pybinpatch-1.0.5.tar.gz", hash = "sha256:bf6a5b008fa4b09f238088e5d608dfe2881bc90c2c4ec503c7dcbf1cdb6591fd"},
]

[metadata]
lock-version = "2.0"
python-versions = "^3.11"
content-hash = "968b0b090ff13218ae6581c6e6d4542686c2a5461ec952c52530afce80d31c20"
