# This file is automatically @generated by Poetry 1.8.5 and should not be changed by hand.

[[package]]
name = "armfind"
version = "1.0"
description = ""
optional = false
python-versions = "^3.11"
files = []
develop = false

[package.dependencies]
pybinpatch = {git = "https://github.com/Merculous/PyBinPatch", rev = "update"}

[package.source]
type = "git"
url = "https://github.com/Merculous/PyARMFind.git"
reference = "HEAD"
resolved_reference = "a120a8e2b9b80d014e22d90af43c017a778c3c51"

[[package]]
name = "pybinpatch"
version = "1.0.8"
description = "Binary diff and patch lib"
optional = false
python-versions = "^3.11"
files = []
develop = false

[package.source]
type = "git"
url = "https://github.com/Merculous/PyBinPatch"
reference = "update"
resolved_reference = "cf186e5f27529e95bcb5eb9624fababf867b439e"

[metadata]
lock-version = "2.0"
python-versions = "^3.11"
content-hash = "4f08bfe9e0a35efdb1a18601b7c29185bee1f9291840e0fa8be87b9bb3a8b2b7"
